
Microsoft Visual Studio Solution File, Format Version 12.00
# Visual Studio Version 16
VisualStudioVersion = 16.0.31019.35
MinimumVisualStudioVersion = 10.0.40219.1
Project("{FAE04EC0-301F-11D3-BF4B-00C04F79EFBC}") = "YukarinetteToNcvPlugin", "YukarinetteToNcvPlugin\YukarinetteToNcvPlugin.csproj", "{3C7A6AB6-8147-4811-BC2D-D9923CEA034C}"
EndProject
Project("{FAE04EC0-301F-11D3-BF4B-00C04F79EFBC}") = "YukarinetteReceiverPlugin", "YukarinetteReceiverPlugin\YukarinetteReceiverPlugin.csproj", "{49D2F189-0967-4BED-8415-0A786456F1D1}"
EndProject
Global
	GlobalSection(SolutionConfigurationPlatforms) = preSolution
		Debug|Any CPU = Debug|Any CPU
		Release|Any CPU = Release|Any CPU
	EndGlobalSection
	GlobalSection(ProjectConfigurationPlatforms) = postSolution
		{3C7A6AB6-8147-4811-BC2D-D9923CEA034C}.Debug|Any CPU.ActiveCfg = Debug|Any CPU
		{3C7A6AB6-8147-4811-BC2D-D9923CEA034C}.Debug|Any CPU.Build.0 = Debug|Any CPU
		{3C7A6AB6-8147-4811-BC2D-D9923CEA034C}.Release|Any CPU.ActiveCfg = Release|Any CPU
		{3C7A6AB6-8147-4811-BC2D-D9923CEA034C}.Release|Any CPU.Build.0 = Release|Any CPU
		{49D2F189-0967-4BED-8415-0A786456F1D1}.Debug|Any CPU.ActiveCfg = Debug|Any CPU
		{49D2F189-0967-4BED-8415-0A786456F1D1}.Debug|Any CPU.Build.0 = Debug|Any CPU
		{49D2F189-0967-4BED-8415-0A786456F1D1}.Release|Any CPU.ActiveCfg = Release|Any CPU
		{49D2F189-0967-4BED-8415-0A786456F1D1}.Release|Any CPU.Build.0 = Release|Any CPU
	EndGlobalSection
	GlobalSection(SolutionProperties) = preSolution
		HideSolutionNode = FALSE
	EndGlobalSection
	GlobalSection(ExtensibilityGlobals) = postSolution
		SolutionGuid = {897DA8B1-4E47-469C-9894-5FBAEAA62369}
	EndGlobalSection
EndGlobal
